
Microsoft Visual Studio Solution File, Format Version 12.00
# Visual Studio Version 16
VisualStudioVersion = 16.0.30611.23
MinimumVisualStudioVersion = 10.0.40219.1
Project("{FAE04EC0-301F-11D3-BF4B-00C04F79EFBC}") = "CheckIdentifier", "CheckIdentifier\CheckIdentifier.csproj", "{7E1713CD-676C-4EC2-9054-23F2EF060781}"
EndProject
Global
	GlobalSection(SolutionConfigurationPlatforms) = preSolution
		Debug|Any CPU = Debug|Any CPU
		Release|Any CPU = Release|Any CPU
	EndGlobalSection
	GlobalSection(ProjectConfigurationPlatforms) = postSolution
		{7E1713CD-676C-4EC2-9054-23F2EF060781}.Debug|Any CPU.ActiveCfg = Debug|Any CPU
		{7E1713CD-676C-4EC2-9054-23F2EF060781}.Debug|Any CPU.Build.0 = Debug|Any CPU
		{7E1713CD-676C-4EC2-9054-23F2EF060781}.Release|Any CPU.ActiveCfg = Release|Any CPU
		{7E1713CD-676C-4EC2-9054-23F2EF060781}.Release|Any CPU.Build.0 = Release|Any CPU
	EndGlobalSection
	GlobalSection(SolutionProperties) = preSolution
		HideSolutionNode = FALSE
	EndGlobalSection
	GlobalSection(ExtensibilityGlobals) = postSolution
		SolutionGuid = {B43A0B5D-C629-4561-BBC5-532A16A342C8}
	EndGlobalSection
EndGlobal
