
Microsoft Visual Studio Solution File, Format Version 12.00
# Visual Studio Version 16
VisualStudioVersion = 16.0.30611.23
MinimumVisualStudioVersion = 10.0.40219.1
Project("{FAE04EC0-301F-11D3-BF4B-00C04F79EFBC}") = "remove_duplicates", "remove_duplicates\remove_duplicates.csproj", "{C45450DF-4360-47CB-8965-6C92B3CBC055}"
EndProject
Global
	GlobalSection(SolutionConfigurationPlatforms) = preSolution
		Debug|Any CPU = Debug|Any CPU
		Release|Any CPU = Release|Any CPU
	EndGlobalSection
	GlobalSection(ProjectConfigurationPlatforms) = postSolution
		{C45450DF-4360-47CB-8965-6C92B3CBC055}.Debug|Any CPU.ActiveCfg = Debug|Any CPU
		{C45450DF-4360-47CB-8965-6C92B3CBC055}.Debug|Any CPU.Build.0 = Debug|Any CPU
		{C45450DF-4360-47CB-8965-6C92B3CBC055}.Release|Any CPU.ActiveCfg = Release|Any CPU
		{C45450DF-4360-47CB-8965-6C92B3CBC055}.Release|Any CPU.Build.0 = Release|Any CPU
	EndGlobalSection
	GlobalSection(SolutionProperties) = preSolution
		HideSolutionNode = FALSE
	EndGlobalSection
	GlobalSection(ExtensibilityGlobals) = postSolution
		SolutionGuid = {6147518E-C211-4949-85F5-72766123E99B}
	EndGlobalSection
EndGlobal
